
Microsoft Visual Studio Solution File, Format Version 12.00
# Visual Studio Version 17
VisualStudioVersion = 17.8.34330.188
MinimumVisualStudioVersion = 10.0.40219.1
Project("{FAE04EC0-301F-11D3-BF4B-00C04F79EFBC}") = "TaskWithCar", "TaskWithCar.csproj", "{BDE2C3A0-8B77-4BB9-9480-7FA96CD31FF8}"
EndProject
Global
	GlobalSection(SolutionConfigurationPlatforms) = preSolution
		Debug|Any CPU = Debug|Any CPU
		Release|Any CPU = Release|Any CPU
	EndGlobalSection
	GlobalSection(ProjectConfigurationPlatforms) = postSolution
		{BDE2C3A0-8B77-4BB9-9480-7FA96CD31FF8}.Debug|Any CPU.ActiveCfg = Debug|Any CPU
		{BDE2C3A0-8B77-4BB9-9480-7FA96CD31FF8}.Debug|Any CPU.Build.0 = Debug|Any CPU
		{BDE2C3A0-8B77-4BB9-9480-7FA96CD31FF8}.Release|Any CPU.ActiveCfg = Release|Any CPU
		{BDE2C3A0-8B77-4BB9-9480-7FA96CD31FF8}.Release|Any CPU.Build.0 = Release|Any CPU
	EndGlobalSection
	GlobalSection(SolutionProperties) = preSolution
		HideSolutionNode = FALSE
	EndGlobalSection
	GlobalSection(ExtensibilityGlobals) = postSolution
		SolutionGuid = {53522BAD-3DFB-4B93-8D7B-C6036BED42E2}
	EndGlobalSection
EndGlobal
